
Microsoft Visual Studio Solution File, Format Version 12.00
# Visual Studio Version 17
VisualStudioVersion = 17.12.35527.113
MinimumVisualStudioVersion = 10.0.40219.1
Project("{FAE04EC0-301F-11D3-BF4B-00C04F79EFBC}") = "BackupHeroApp", "BackupHeroApp.csproj", "{A9102A87-7AD6-4F1F-AC64-A3B41CF13061}"
EndProject
Project("{FAE04EC0-301F-11D3-BF4B-00C04F79EFBC}") = "BackupConsole", "..\BackupConsole\BackupConsole.csproj", "{20FF4971-9B22-4D4E-A85C-86032E60AC75}"
EndProject
Project("{54435603-DBB4-11D2-8724-00A0C9A8B90C}") = "BackupHeroSetup", "..\BackupHeroSetup\BackupHeroSetup.vdproj", "{DDF63054-44AE-4B0D-B0D2-AF90F3D77FB2}"
EndProject
Global
	GlobalSection(SolutionConfigurationPlatforms) = preSolution
		Debug|Any CPU = Debug|Any CPU
		DefaultBuild|Any CPU = DefaultBuild|Any CPU
		Release|Any CPU = Release|Any CPU
	EndGlobalSection
	GlobalSection(ProjectConfigurationPlatforms) = postSolution
		{A9102A87-7AD6-4F1F-AC64-A3B41CF13061}.Debug|Any CPU.ActiveCfg = Debug|Any CPU
		{A9102A87-7AD6-4F1F-AC64-A3B41CF13061}.Debug|Any CPU.Build.0 = Debug|Any CPU
		{A9102A87-7AD6-4F1F-AC64-A3B41CF13061}.DefaultBuild|Any CPU.ActiveCfg = Debug|Any CPU
		{A9102A87-7AD6-4F1F-AC64-A3B41CF13061}.DefaultBuild|Any CPU.Build.0 = Debug|Any CPU
		{A9102A87-7AD6-4F1F-AC64-A3B41CF13061}.Release|Any CPU.ActiveCfg = Release|Any CPU
		{A9102A87-7AD6-4F1F-AC64-A3B41CF13061}.Release|Any CPU.Build.0 = Release|Any CPU
		{20FF4971-9B22-4D4E-A85C-86032E60AC75}.Debug|Any CPU.ActiveCfg = Debug|Any CPU
		{20FF4971-9B22-4D4E-A85C-86032E60AC75}.Debug|Any CPU.Build.0 = Debug|Any CPU
		{20FF4971-9B22-4D4E-A85C-86032E60AC75}.DefaultBuild|Any CPU.ActiveCfg = Debug|Any CPU
		{20FF4971-9B22-4D4E-A85C-86032E60AC75}.DefaultBuild|Any CPU.Build.0 = Debug|Any CPU
		{20FF4971-9B22-4D4E-A85C-86032E60AC75}.Release|Any CPU.ActiveCfg = Release|Any CPU
		{20FF4971-9B22-4D4E-A85C-86032E60AC75}.Release|Any CPU.Build.0 = Release|Any CPU
		{DDF63054-44AE-4B0D-B0D2-AF90F3D77FB2}.Debug|Any CPU.ActiveCfg = Debug
		{DDF63054-44AE-4B0D-B0D2-AF90F3D77FB2}.DefaultBuild|Any CPU.ActiveCfg = Debug
		{DDF63054-44AE-4B0D-B0D2-AF90F3D77FB2}.Release|Any CPU.ActiveCfg = Release
	EndGlobalSection
	GlobalSection(SolutionProperties) = preSolution
		HideSolutionNode = FALSE
	EndGlobalSection
EndGlobal
